{
  "name": "skill-share",
  "version": "1.0.0",
  "lockfileVersion": 3,
  "requires": true,
  "packages": {
    "": {
      "name": "skill-share",
      "version": "1.0.0",
      "license": "ISC",
      "devDependencies": {
        "@types/react": "^18.2.48"
      }
    },
    "node_modules/.pnpm/js-tokens@4.0.0/node_modules/js-tokens": {
      "version": "4.0.0",
      "extraneous": true,
      "license": "MIT",
      "devDependencies": {
        "coffeescript": "2.1.1",
        "esprima": "4.0.0",
        "everything.js": "1.0.3",
        "mocha": "5.0.0"
      }
    },
    "node_modules/.pnpm/loose-envify@1.4.0": {
      "extraneous": true
    },
    "node_modules/.pnpm/react-dom@18.2.0_react@18.2.0": {
      "extraneous": true
    },
    "node_modules/.pnpm/react@18.2.0": {
      "extraneous": true
    },
    "node_modules/.pnpm/scheduler@0.23.0": {
      "extraneous": true
    },
    "node_modules/.pnpm/typescript@5.3.3": {
      "extraneous": true
    },
    "node_modules/@types/prop-types": {
      "version": "15.7.11",
      "resolved": "https://registry.npmjs.org/@types/prop-types/-/prop-types-15.7.11.tgz",
      "integrity": "sha512-ga8y9v9uyeiLdpKddhxYQkxNDrfvuPrlFb0N1qnZZByvcElJaXthF1UhvCh9TLWJBEHeNtdnbysW7Y6Uq8CVng==",
      "dev": true
    },
    "node_modules/@types/react": {
      "version": "18.2.48",
      "resolved": "https://registry.npmjs.org/@types/react/-/react-18.2.48.tgz",
      "integrity": "sha512-qboRCl6Ie70DQQG9hhNREz81jqC1cs9EVNcjQ1AU+jH6NFfSAhVVbrrY/+nSF+Bsk4AOwm9Qa61InvMCyV+H3w==",
      "dev": true,
      "dependencies": {
        "@types/prop-types": "*",
        "@types/scheduler": "*",
        "csstype": "^3.0.2"
      }
    },
    "node_modules/@types/scheduler": {
      "version": "0.16.8",
      "resolved": "https://registry.npmjs.org/@types/scheduler/-/scheduler-0.16.8.tgz",
      "integrity": "sha512-WZLiwShhwLRmeV6zH+GkbOFT6Z6VklCItrDioxUnv+u4Ll+8vKeFySoFyK/0ctcRpOmwAicELfmys1sDc/Rw+A==",
      "dev": true
    },
    "node_modules/csstype": {
      "version": "3.1.3",
      "resolved": "https://registry.npmjs.org/csstype/-/csstype-3.1.3.tgz",
      "integrity": "sha512-M1uQkMl8rQK/szD0LNhtqxIPLpimGm8sOBwU7lLnCpSbTyY3yeU1Vc7l4KT5zT4s/yOxHH5O7tIuuLOCnLADRw==",
      "dev": true
    }
  }
}
